
Microsoft Visual Studio Solution File, Format Version 12.00
# Visual Studio Version 16
VisualStudioVersion = 16.0.30114.105
MinimumVisualStudioVersion = 10.0.40219.1
Project("{9A19103F-16F7-4668-BE54-9A1E7A4F7556}") = "GuiNumer0n", "GuiNumer0n\GuiNumer0n.csproj", "{DB9F9276-508E-4C07-8168-9220B24B1F05}"
EndProject
Project("{9A19103F-16F7-4668-BE54-9A1E7A4F7556}") = "Numer0n", "Numer0n\Numer0n.csproj", "{6EF86E33-B71B-4056-9C54-A34D5AF72F4D}"
EndProject
Project("{FAE04EC0-301F-11D3-BF4B-00C04F79EFBC}") = "Numer0n.Common", "Numer0n.Common\Numer0n.Common.csproj", "{36798EBE-5454-4DF0-8F95-6B578858BF56}"
EndProject
Global
	GlobalSection(SolutionConfigurationPlatforms) = preSolution
		Debug|Any CPU = Debug|Any CPU
		Release|Any CPU = Release|Any CPU
	EndGlobalSection
	GlobalSection(ProjectConfigurationPlatforms) = postSolution
		{DB9F9276-508E-4C07-8168-9220B24B1F05}.Debug|Any CPU.ActiveCfg = Debug|Any CPU
		{DB9F9276-508E-4C07-8168-9220B24B1F05}.Debug|Any CPU.Build.0 = Debug|Any CPU
		{DB9F9276-508E-4C07-8168-9220B24B1F05}.Release|Any CPU.ActiveCfg = Release|Any CPU
		{DB9F9276-508E-4C07-8168-9220B24B1F05}.Release|Any CPU.Build.0 = Release|Any CPU
		{6EF86E33-B71B-4056-9C54-A34D5AF72F4D}.Debug|Any CPU.ActiveCfg = Debug|Any CPU
		{6EF86E33-B71B-4056-9C54-A34D5AF72F4D}.Debug|Any CPU.Build.0 = Debug|Any CPU
		{6EF86E33-B71B-4056-9C54-A34D5AF72F4D}.Release|Any CPU.ActiveCfg = Release|Any CPU
		{6EF86E33-B71B-4056-9C54-A34D5AF72F4D}.Release|Any CPU.Build.0 = Release|Any CPU
		{36798EBE-5454-4DF0-8F95-6B578858BF56}.Debug|Any CPU.ActiveCfg = Debug|Any CPU
		{36798EBE-5454-4DF0-8F95-6B578858BF56}.Debug|Any CPU.Build.0 = Debug|Any CPU
		{36798EBE-5454-4DF0-8F95-6B578858BF56}.Release|Any CPU.ActiveCfg = Release|Any CPU
		{36798EBE-5454-4DF0-8F95-6B578858BF56}.Release|Any CPU.Build.0 = Release|Any CPU
	EndGlobalSection
	GlobalSection(SolutionProperties) = preSolution
		HideSolutionNode = FALSE
	EndGlobalSection
	GlobalSection(ExtensibilityGlobals) = postSolution
		SolutionGuid = {B77CD43B-C4AB-457D-9D3F-1DBB5F7D5F58}
	EndGlobalSection
EndGlobal
